
Microsoft Visual Studio Solution File, Format Version 12.00
# Visual Studio Version 17
VisualStudioVersion = 17.4.33103.184
MinimumVisualStudioVersion = 10.0.40219.1
Project("{FAE04EC0-301F-11D3-BF4B-00C04F79EFBC}") = "savasoyun", "savasoyun\savasoyun.csproj", "{D661AA8D-E8D6-4B5F-9ABC-569CFC7D5694}"
EndProject
Project("{FAE04EC0-301F-11D3-BF4B-00C04F79EFBC}") = "savas.library", "savas.library\savas.library.csproj", "{02FDE9BE-02DD-4242-AD92-D93F78140747}"
EndProject
Global
	GlobalSection(SolutionConfigurationPlatforms) = preSolution
		Debug|Any CPU = Debug|Any CPU
		Release|Any CPU = Release|Any CPU
	EndGlobalSection
	GlobalSection(ProjectConfigurationPlatforms) = postSolution
		{D661AA8D-E8D6-4B5F-9ABC-569CFC7D5694}.Debug|Any CPU.ActiveCfg = Debug|Any CPU
		{D661AA8D-E8D6-4B5F-9ABC-569CFC7D5694}.Debug|Any CPU.Build.0 = Debug|Any CPU
		{D661AA8D-E8D6-4B5F-9ABC-569CFC7D5694}.Release|Any CPU.ActiveCfg = Release|Any CPU
		{D661AA8D-E8D6-4B5F-9ABC-569CFC7D5694}.Release|Any CPU.Build.0 = Release|Any CPU
		{02FDE9BE-02DD-4242-AD92-D93F78140747}.Debug|Any CPU.ActiveCfg = Debug|Any CPU
		{02FDE9BE-02DD-4242-AD92-D93F78140747}.Debug|Any CPU.Build.0 = Debug|Any CPU
		{02FDE9BE-02DD-4242-AD92-D93F78140747}.Release|Any CPU.ActiveCfg = Release|Any CPU
		{02FDE9BE-02DD-4242-AD92-D93F78140747}.Release|Any CPU.Build.0 = Release|Any CPU
	EndGlobalSection
	GlobalSection(SolutionProperties) = preSolution
		HideSolutionNode = FALSE
	EndGlobalSection
	GlobalSection(ExtensibilityGlobals) = postSolution
		SolutionGuid = {CEDEF326-7585-4307-A546-75486F69D57F}
	EndGlobalSection
EndGlobal
